
Microsoft Visual Studio Solution File, Format Version 12.00
# Visual Studio Version 17
VisualStudioVersion = 17.14.36705.20 d17.14
MinimumVisualStudioVersion = 10.0.40219.1
Project("{FAE04EC0-301F-11D3-BF4B-00C04F79EFBC}") = "Homework4", "Homework4.csproj", "{E851E84C-75D5-4E85-A0D1-C22A6198557B}"
EndProject
Global
	GlobalSection(SolutionConfigurationPlatforms) = preSolution
		Debug|Any CPU = Debug|Any CPU
		Release|Any CPU = Release|Any CPU
	EndGlobalSection
	GlobalSection(ProjectConfigurationPlatforms) = postSolution
		{E851E84C-75D5-4E85-A0D1-C22A6198557B}.Debug|Any CPU.ActiveCfg = Debug|Any CPU
		{E851E84C-75D5-4E85-A0D1-C22A6198557B}.Debug|Any CPU.Build.0 = Debug|Any CPU
		{E851E84C-75D5-4E85-A0D1-C22A6198557B}.Release|Any CPU.ActiveCfg = Release|Any CPU
		{E851E84C-75D5-4E85-A0D1-C22A6198557B}.Release|Any CPU.Build.0 = Release|Any CPU
	EndGlobalSection
	GlobalSection(SolutionProperties) = preSolution
		HideSolutionNode = FALSE
	EndGlobalSection
	GlobalSection(ExtensibilityGlobals) = postSolution
		SolutionGuid = {C5E30B28-78D4-4950-8CC2-F887626D9576}
	EndGlobalSection
EndGlobal
